
Microsoft Visual Studio Solution File, Format Version 12.00
# Visual Studio Version 17
VisualStudioVersion = 17.9.34723.18
MinimumVisualStudioVersion = 10.0.40219.1
Project("{FAE04EC0-301F-11D3-BF4B-00C04F79EFBC}") = "PersonInterestsApi", "PersonInterestsApi.csproj", "{6CA3980C-671C-4B6F-AC89-2D9F817B3411}"
EndProject
Global
	GlobalSection(SolutionConfigurationPlatforms) = preSolution
		Debug|Any CPU = Debug|Any CPU
		Release|Any CPU = Release|Any CPU
	EndGlobalSection
	GlobalSection(ProjectConfigurationPlatforms) = postSolution
		{6CA3980C-671C-4B6F-AC89-2D9F817B3411}.Debug|Any CPU.ActiveCfg = Debug|Any CPU
		{6CA3980C-671C-4B6F-AC89-2D9F817B3411}.Debug|Any CPU.Build.0 = Debug|Any CPU
		{6CA3980C-671C-4B6F-AC89-2D9F817B3411}.Release|Any CPU.ActiveCfg = Release|Any CPU
		{6CA3980C-671C-4B6F-AC89-2D9F817B3411}.Release|Any CPU.Build.0 = Release|Any CPU
	EndGlobalSection
	GlobalSection(SolutionProperties) = preSolution
		HideSolutionNode = FALSE
	EndGlobalSection
	GlobalSection(ExtensibilityGlobals) = postSolution
		SolutionGuid = {A8E3FBD9-E123-4D81-813E-295C093875CE}
	EndGlobalSection
EndGlobal
